// !$*UTF8*$!
{
	archiveVersion = 1;
	classes = {
	};
	objectVersion = 50;
	objects = {

/* Begin PBXBuildFile section */
		9B494C26220D05860081BB4D /* AppDelegate.swift in Sources */ = {isa = PBXBuildFile; fileRef = 9B494C25220D05860081BB4D /* AppDelegate.swift */; };
		9B494C28220D05860081BB4D /* ViewController.swift in Sources */ = {isa = PBXBuildFile; fileRef = 9B494C27220D05860081BB4D /* ViewController.swift */; };
		9B494C2B220D05860081BB4D /* Main.storyboard in Resources */ = {isa = PBXBuildFile; fileRef = 9B494C29220D05860081BB4D /* Main.storyboard */; };
		9B494C2D220D05880081BB4D /* Assets.xcassets in Resources */ = {isa = PBXBuildFile; fileRef = 9B494C2C220D05880081BB4D /* Assets.xcassets */; };
		9B494C30220D05880081BB4D /* LaunchScreen.storyboard in Resources */ = {isa = PBXBuildFile; fileRef = 9B494C2E220D05880081BB4D /* LaunchScreen.storyboard */; };
		9B494C3B220D05880081BB4D /* testTests.swift in Sources */ = {isa = PBXBuildFile; fileRef = 9B494C3A220D05880081BB4D /* testTests.swift */; };
		9B494C46220D05880081BB4D /* testUITests.swift in Sources */ = {isa = PBXBuildFile; fileRef = 9B494C45220D05880081BB4D /* testUITests.swift */; };
/* End PBXBuildFile section */

/* Begin PBXContainerItemProxy section */
		9B494C37220D05880081BB4D /* PBXContainerItemProxy */ = {
			isa = PBXContainerItemProxy;
			containerPortal = 9B494C1A220D05860081BB4D /* Project object */;
			proxyType = 1;
			remoteGlobalIDString = 9B494C21220D05860081BB4D;
			remoteInfo = test;
		};
		9B494C42220D05880081BB4D /* PBXContainerItemProxy */ = {
			isa = PBXContainerItemProxy;
			containerPortal = 9B494C1A220D05860081BB4D /* Project object */;
			proxyType = 1;
			remoteGlobalIDString = 9B494C21220D05860081BB4D;
			remoteInfo = test;
		};
/* End PBXContainerItemProxy section */

/* Begin PBXFileReference section */
		9B494C22220D05860081BB4D /* test.app */ = {isa = PBXFileReference; explicitFileType = wrapper.application; includeInIndex = 0; path = test.app; sourceTree = BUILT_PRODUCTS_DIR; };
		9B494C25220D05860081BB4D /* AppDelegate.swift */ = {isa = PBXFileReference; lastKnownFileType = sourcecode.swift; path = AppDelegate.swift; sourceTree = "<group>"; };
		9B494C27220D05860081BB4D /* ViewController.swift */ = {isa = PBXFileReference; lastKnownFileType = sourcecode.swift; path = ViewController.swift; sourceTree = "<group>"; };
		9B494C2A220D05860081BB4D /* Base */ = {isa = PBXFileReference; lastKnownFileType = file.storyboard; name = Base; path = Base.lproj/Main.storyboard; sourceTree = "<group>"; };
		9B494C2C220D05880081BB4D /* Assets.xcassets */ = {isa = PBXFileReference; lastKnownFileType = folder.assetcatalog; path = Assets.xcassets; sourceTree = "<group>"; };
		9B494C2F220D05880081BB4D /* Base */ = {isa = PBXFileReference; lastKnownFileType = file.storyboard; name = Base; path = Base.lproj/LaunchScreen.storyboard; sourceTree = "<group>"; };
		9B494C31220D05880081BB4D /* Info.plist */ = {isa = PBXFileReference; lastKnownFileType = text.plist.xml; path = Info.plist; sourceTree = "<group>"; };
		9B494C36220D05880081BB4D /* testTests.xctest */ = {isa = PBXFileReference; explicitFileType = wrapper.cfbundle; includeInIndex = 0; path = testTests.xctest; sourceTree = BUILT_PRODUCTS_DIR; };
		9B494C3A220D05880081BB4D /* testTests.swift */ = {isa = PBXFileReference; lastKnownFileType = sourcecode.swift; path = testTests.swift; sourceTree = "<group>"; };
		9B494C3C220D05880081BB4D /* Info.plist */ = {isa = PBXFileReference; lastKnownFileType = text.plist.xml; path = Info.plist; sourceTree = "<group>"; };
		9B494C41220D05880081BB4D /* testUITests.xctest */ = {isa = PBXFileReference; explicitFileType = wrapper.cfbundle; includeInIndex = 0; path = testUITests.xctest; sourceTree = BUILT_PRODUCTS_DIR; };
		9B494C45220D05880081BB4D /* testUITests.swift */ = {isa = PBXFileReference; lastKnownFileType = sourcecode.swift; path = testUITests.swift; sourceTree = "<group>"; };
		9B494C47220D05880081BB4D /* Info.plist */ = {isa = PBXFileReference; lastKnownFileType = text.plist.xml; path = Info.plist; sourceTree = "<group>"; };
/* End PBXFileReference section */

/* Begin PBXFrameworksBuildPhase section */
		9B494C1F220D05860081BB4D /* Frameworks */ = {
			isa = PBXFrameworksBuildPhase;
			buildActionMask = 2147483647;
			files = (
			);
			runOnlyForDeploymentPostprocessing = 0;
		};
		9B494C33220D05880081BB4D /* Frameworks */ = {
			isa = PBXFrameworksBuildPhase;
			buildActionMask = 2147483647;
			files = (
			);
			runOnlyForDeploymentPostprocessing = 0;
		};
		9B494C3E220D05880081BB4D /* Frameworks */ = {
			isa = PBXFrameworksBuildPhase;
			buildActionMask = 2147483647;
			files = (
			);
			runOnlyForDeploymentPostprocessing = 0;
		};
/* End PBXFrameworksBuildPhase section */

/* Begin PBXGroup section */
		9B494C19220D05860081BB4D = {
			isa = PBXGroup;
			children = (
				9B494C24220D05860081BB4D /* test */,
				9B494C39220D05880081BB4D /* testTests */,
				9B494C44220D05880081BB4D /* testUITests */,
				9B494C23220D05860081BB4D /* Products */,
			);
			sourceTree = "<group>";
		};
		9B494C23220D05860081BB4D /* Products */ = {
			isa = PBXGroup;
			children = (
				9B494C22220D05860081BB4D /* test.app */,
				9B494C36220D05880081BB4D /* testTests.xctest */,
				9B494C41220D05880081BB4D /* testUITests.xctest */,
			);
			name = Products;
			sourceTree = "<group>";
		};
		9B494C24220D05860081BB4D /* test */ = {
			isa = PBXGroup;
			children = (
				9B494C25220D05860081BB4D /* AppDelegate.swift */,
				9B494C27220D05860081BB4D /* ViewController.swift */,
				9B494C29220D05860081BB4D /* Main.storyboard */,
				9B494C2C220D05880081BB4D /* Assets.xcassets */,
				9B494C2E220D05880081BB4D /* LaunchScreen.storyboard */,
				9B494C31220D05880081BB4D /* Info.plist */,
			);
			path = test;
			sourceTree = "<group>";
		};
		9B494C39220D05880081BB4D /* testTests */ = {
			isa = PBXGroup;
			children = (
				9B494C3A220D05880081BB4D /* testTests.swift */,
				9B494C3C220D05880081BB4D /* Info.plist */,
			);
			path = testTests;
			sourceTree = "<group>";
		};
		9B494C44220D05880081BB4D /* testUITests */ = {
			isa = PBXGroup;
			children = (
				9B494C45220D05880081BB4D /* testUITests.swift */,
				9B494C47220D05880081BB4D /* Info.plist */,
			);
			path = testUITests;
			sourceTree = "<group>";
		};
/* End PBXGroup section */

/* Begin PBXNativeTarget section */
		9B494C21220D05860081BB4D /* test */ = {
			isa = PBXNativeTarget;
			buildConfigurationList = 9B494C4A220D05880081BB4D /* Build configuration list for PBXNativeTarget "test" */;
			buildPhases = (
				9B494C1E220D05860081BB4D /* Sources */,
				9B494C1F220D05860081BB4D /* Frameworks */,
				9B494C20220D05860081BB4D /* Resources */,
			);
			buildRules = (
			);
			dependencies = (
			);
			name = test;
			productName = test;
			productReference = 9B494C22220D05860081BB4D /* test.app */;
			productType = "com.apple.product-type.application";
		};
		9B494C35220D05880081BB4D /* testTests */ = {
			isa = PBXNativeTarget;
			buildConfigurationList = 9B494C4D220D05880081BB4D /* Build configuration list for PBXNativeTarget "testTests" */;
			buildPhases = (
				9B494C32220D05880081BB4D /* Sources */,
				9B494C33220D05880081BB4D /* Frameworks */,
				9B494C34220D05880081BB4D /* Resources */,
			);
			buildRules = (
			);
			dependencies = (
				9B494C38220D05880081BB4D /* PBXTargetDependency */,
			);
			name = testTests;
			productName = testTests;
			productReference = 9B494C36220D05880081BB4D /* testTests.xctest */;
			productType = "com.apple.product-type.bundle.unit-test";
		};
		9B494C40220D05880081BB4D /* testUITests */ = {
			isa = PBXNativeTarget;
			buildConfigurationList = 9B494C50220D05880081BB4D /* Build configuration list for PBXNativeTarget "testUITests" */;
			buildPhases = (
				9B494C3D220D05880081BB4D /* Sources */,
				9B494C3E220D05880081BB4D /* Frameworks */,
				9B494C3F220D05880081BB4D /* Resources */,
			);
			buildRules = (
			);
			dependencies = (
				9B494C43220D05880081BB4D /* PBXTargetDependency */,
			);
			name = testUITests;
			productName = testUITests;
			productReference = 9B494C41220D05880081BB4D /* testUITests.xctest */;
			productType = "com.apple.product-type.bundle.ui-testing";
		};
/* End PBXNativeTarget section */

/* Begin PBXProject section */
		9B494C1A220D05860081BB4D /* Project object */ = {
			isa = PBXProject;
			attributes = {
				LastSwiftUpdateCheck = 0940;
				LastUpgradeCheck = 0940;
				ORGANIZATIONNAME = MacStudent;
				TargetAttributes = {
					9B494C21220D05860081BB4D = {
						CreatedOnToolsVersion = 9.4.1;
					};
					9B494C35220D05880081BB4D = {
						CreatedOnToolsVersion = 9.4.1;
						TestTargetID = 9B494C21220D05860081BB4D;
					};
					9B494C40220D05880081BB4D = {
						CreatedOnToolsVersion = 9.4.1;
						TestTargetID = 9B494C21220D05860081BB4D;
					};
				};
			};
			buildConfigurationList = 9B494C1D220D05860081BB4D /* Build configuration list for PBXProject "test" */;
			compatibilityVersion = "Xcode 9.3";
			developmentRegion = en;
			hasScannedForEncodings = 0;
			knownRegions = (
				en,
				Base,
			);
			mainGroup = 9B494C19220D05860081BB4D;
			productRefGroup = 9B494C23220D05860081BB4D /* Products */;
			projectDirPath = "";
			projectRoot = "";
			targets = (
				9B494C21220D05860081BB4D /* test */,
				9B494C35220D05880081BB4D /* testTests */,
				9B494C40220D05880081BB4D /* testUITests */,
			);
		};
/* End PBXProject section */

/* Begin PBXResourcesBuildPhase section */
		9B494C20220D05860081BB4D /* Resources */ = {
			isa = PBXResourcesBuildPhase;
			buildActionMask = 2147483647;
			files = (
				9B494C30220D05880081BB4D /* LaunchScreen.storyboard in Resources */,
				9B494C2D220D05880081BB4D /* Assets.xcassets in Resources */,
				9B494C2B220D05860081BB4D /* Main.storyboard in Resources */,
			);
			runOnlyForDeploymentPostprocessing = 0;
		};
		9B494C34220D05880081BB4D /* Resources */ = {
			isa = PBXResourcesBuildPhase;
			buildActionMask = 2147483647;
			files = (
			);
			runOnlyForDeploymentPostprocessing = 0;
		};
		9B494C3F220D05880081BB4D /* Resources */ = {
			isa = PBXResourcesBuildPhase;
			buildActionMask = 2147483647;
			files = (
			);
			runOnlyForDeploymentPostprocessing = 0;
		};
/* End PBXResourcesBuildPhase section */

/* Begin PBXSourcesBuildPhase section */
		9B494C1E220D05860081BB4D /* Sources */ = {
			isa = PBXSourcesBuildPhase;
			buildActionMask = 2147483647;
			files = (
				9B494C28220D05860081BB4D /* ViewController.swift in Sources */,
				9B494C26220D05860081BB4D /* AppDelegate.swift in Sources */,
			);
			runOnlyForDeploymentPostprocessing = 0;
		};
		9B494C32220D05880081BB4D /* Sources */ = {
			isa = PBXSourcesBuildPhase;
			buildActionMask = 2147483647;
			files = (
				9B494C3B220D05880081BB4D /* testTests.swift in Sources */,
			);
			runOnlyForDeploymentPostprocessing = 0;
		};
		9B494C3D220D05880081BB4D /* Sources */ = {
			isa = PBXSourcesBuildPhase;
			buildActionMask = 2147483647;
			files = (
				9B494C46220D05880081BB4D /* testUITests.swift in Sources */,
			);
			runOnlyForDeploymentPostprocessing = 0;
		};
/* End PBXSourcesBuildPhase section */

/* Begin PBXTargetDependency section */
		9B494C38220D05880081BB4D /* PBXTargetDependency */ = {
			isa = PBXTargetDependency;
			target = 9B494C21220D05860081BB4D /* test */;
			targetProxy = 9B494C37220D05880081BB4D /* PBXContainerItemProxy */;
		};
		9B494C43220D05880081BB4D /* PBXTargetDependency */ = {
			isa = PBXTargetDependency;
			target = 9B494C21220D05860081BB4D /* test */;
			targetProxy = 9B494C42220D05880081BB4D /* PBXContainerItemProxy */;
		};
/* End PBXTargetDependency section */

/* Begin PBXVariantGroup section */
		9B494C29220D05860081BB4D /* Main.storyboard */ = {
			isa = PBXVariantGroup;
			children = (
				9B494C2A220D05860081BB4D /* Base */,
			);
			name = Main.storyboard;
			sourceTree = "<group>";
		};
		9B494C2E220D05880081BB4D /* LaunchScreen.storyboard */ = {
			isa = PBXVariantGroup;
			children = (
				9B494C2F220D05880081BB4D /* Base */,
			);
			name = LaunchScreen.storyboard;
			sourceTree = "<group>";
		};
/* End PBXVariantGroup section */

/* Begin XCBuildConfiguration section */
		9B494C48220D05880081BB4D /* Debug */ = {
			isa = XCBuildConfiguration;
			buildSettings = {
				ALWAYS_SEARCH_USER_PATHS = NO;
				CLANG_ANALYZER_NONNULL = YES;
				CLANG_ANALYZER_NUMBER_OBJECT_CONVERSION = YES_AGGRESSIVE;
				CLANG_CXX_LANGUAGE_STANDARD = "gnu++14";
				CLANG_CXX_LIBRARY = "libc++";
				CLANG_ENABLE_MODULES = YES;
				CLANG_ENABLE_OBJC_ARC = YES;
				CLANG_ENABLE_OBJC_WEAK = YES;
				CLANG_WARN_BLOCK_CAPTURE_AUTORELEASING = YES;
				CLANG_WARN_BOOL_CONVERSION = YES;
				CLANG_WARN_COMMA = YES;
				CLANG_WARN_CONSTANT_CONVERSION = YES;
				CLANG_WARN_DEPRECATED_OBJC_IMPLEMENTATIONS = YES;
				CLANG_WARN_DIRECT_OBJC_ISA_USAGE = YES_ERROR;
				CLANG_WARN_DOCUMENTATION_COMMENTS = YES;
				CLANG_WARN_EMPTY_BODY = YES;
				CLANG_WARN_ENUM_CONVERSION = YES;
				CLANG_WARN_INFINITE_RECURSION = YES;
				CLANG_WARN_INT_CONVERSION = YES;
				CLANG_WARN_NON_LITERAL_NULL_CONVERSION = YES;
				CLANG_WARN_OBJC_IMPLICIT_RETAIN_SELF = YES;
				CLANG_WARN_OBJC_LITERAL_CONVERSION = YES;
				CLANG_WARN_OBJC_ROOT_CLASS = YES_ERROR;
				CLANG_WARN_RANGE_LOOP_ANALYSIS = YES;
				CLANG_WARN_STRICT_PROTOTYPES = YES;
				CLANG_WARN_SUSPICIOUS_MOVE = YES;
				CLANG_WARN_UNGUARDED_AVAILABILITY = YES_AGGRESSIVE;
				CLANG_WARN_UNREACHABLE_CODE = YES;
				CLANG_WARN__DUPLICATE_METHOD_MATCH = YES;
				CODE_SIGN_IDENTITY = "iPhone Developer";
				COPY_PHASE_STRIP = NO;
				DEBUG_INFORMATION_FORMAT = dwarf;
				ENABLE_STRICT_OBJC_MSGSEND = YES;
				ENABLE_TESTABILITY = YES;
				GCC_C_LANGUAGE_STANDARD = gnu11;
				GCC_DYNAMIC_NO_PIC = NO;
				GCC_NO_COMMON_BLOCKS = YES;
				GCC_OPTIMIZATION_LEVEL = 0;
				GCC_PREPROCESSOR_DEFINITIONS = (
					"DEBUG=1",
					"$(inherited)",
				);
				GCC_WARN_64_TO_32_BIT_CONVERSION = YES;
				GCC_WARN_ABOUT_RETURN_TYPE = YES_ERROR;
				GCC_WARN_UNDECLARED_SELECTOR = YES;
				GCC_WARN_UNINITIALIZED_AUTOS = YES_AGGRESSIVE;
				GCC_WARN_UNUSED_FUNCTION = YES;
				GCC_WARN_UNUSED_VARIABLE = YES;
				IPHONEOS_DEPLOYMENT_TARGET = 11.4;
				MTL_ENABLE_DEBUG_INFO = YES;
				ONLY_ACTIVE_ARCH = YES;
				SDKROOT = iphoneos;
				SWIFT_ACTIVE_COMPILATION_CONDITIONS = DEBUG;
				SWIFT_OPTIMIZATION_LEVEL = "-Onone";
			};
			name = Debug;
		};
		9B494C49220D05880081BB4D /* Release */ = {
			isa = XCBuildConfiguration;
			buildSettings = {
				ALWAYS_SEARCH_USER_PATHS = NO;
				CLANG_ANALYZER_NONNULL = YES;
				CLANG_ANALYZER_NUMBER_OBJECT_CONVERSION = YES_AGGRESSIVE;
				CLANG_CXX_LANGUAGE_STANDARD = "gnu++14";
				CLANG_CXX_LIBRARY = "libc++";
				CLANG_ENABLE_MODULES = YES;
				CLANG_ENABLE_OBJC_ARC = YES;
				CLANG_ENABLE_OBJC_WEAK = YES;
				CLANG_WARN_BLOCK_CAPTURE_AUTORELEASING = YES;
				CLANG_WARN_BOOL_CONVERSION = YES;
				CLANG_WARN_COMMA = YES;
				CLANG_WARN_CONSTANT_CONVERSION = YES;
				CLANG_WARN_DEPRECATED_OBJC_IMPLEMENTATIONS = YES;
				CLANG_WARN_DIRECT_OBJC_ISA_USAGE = YES_ERROR;
				CLANG_WARN_DOCUMENTATION_COMMENTS = YES;
				CLANG_WARN_EMPTY_BODY = YES;
				CLANG_WARN_ENUM_CONVERSION = YES;
				CLANG_WARN_INFINITE_RECURSION = YES;
				CLANG_WARN_INT_CONVERSION = YES;
				CLANG_WARN_NON_LITERAL_NULL_CONVERSION = YES;
				CLANG_WARN_OBJC_IMPLICIT_RETAIN_SELF = YES;
				CLANG_WARN_OBJC_LITERAL_CONVERSION = YES;
				CLANG_WARN_OBJC_ROOT_CLASS = YES_ERROR;
				CLANG_WARN_RANGE_LOOP_ANALYSIS = YES;
				CLANG_WARN_STRICT_PROTOTYPES = YES;
				CLANG_WARN_SUSPICIOUS_MOVE = YES;
				CLANG_WARN_UNGUARDED_AVAILABILITY = YES_AGGRESSIVE;
				CLANG_WARN_UNREACHABLE_CODE = YES;
				CLANG_WARN__DUPLICATE_METHOD_MATCH = YES;
				CODE_SIGN_IDENTITY = "iPhone Developer";
				COPY_PHASE_STRIP = NO;
				DEBUG_INFORMATION_FORMAT = "dwarf-with-dsym";
				ENABLE_NS_ASSERTIONS = NO;
				ENABLE_STRICT_OBJC_MSGSEND = YES;
				GCC_C_LANGUAGE_STANDARD = gnu11;
				GCC_NO_COMMON_BLOCKS = YES;
				GCC_WARN_64_TO_32_BIT_CONVERSION = YES;
				GCC_WARN_ABOUT_RETURN_TYPE = YES_ERROR;
				GCC_WARN_UNDECLARED_SELECTOR = YES;
				GCC_WARN_UNINITIALIZED_AUTOS = YES_AGGRESSIVE;
				GCC_WARN_UNUSED_FUNCTION = YES;
				GCC_WARN_UNUSED_VARIABLE = YES;
				IPHONEOS_DEPLOYMENT_TARGET = 11.4;
				MTL_ENABLE_DEBUG_INFO = NO;
				SDKROOT = iphoneos;
				SWIFT_COMPILATION_MODE = wholemodule;
				SWIFT_OPTIMIZATION_LEVEL = "-O";
				VALIDATE_PRODUCT = YES;
			};
			name = Release;
		};
		9B494C4B220D05880081BB4D /* Debug */ = {
			isa = XCBuildConfiguration;
			buildSettings = {
				ASSETCATALOG_COMPILER_APPICON_NAME = AppIcon;
				CODE_SIGN_STYLE = Automatic;
				INFOPLIST_FILE = test/Info.plist;
				LD_RUNPATH_SEARCH_PATHS = (
					"$(inherited)",
					"@executable_path/Frameworks",
				);
				PRODUCT_BUNDLE_IDENTIFIER = CestarCollege.test;
				PRODUCT_NAME = "$(TARGET_NAME)";
				SWIFT_VERSION = 4.0;
				TARGETED_DEVICE_FAMILY = "1,2";
			};
			name = Debug;
		};
		9B494C4C220D05880081BB4D /* Release */ = {
			isa = XCBuildConfiguration;
			buildSettings = {
				ASSETCATALOG_COMPILER_APPICON_NAME = AppIcon;
				CODE_SIGN_STYLE = Automatic;
				INFOPLIST_FILE = test/Info.plist;
				LD_RUNPATH_SEARCH_PATHS = (
					"$(inherited)",
					"@executable_path/Frameworks",
				);
				PRODUCT_BUNDLE_IDENTIFIER = CestarCollege.test;
				PRODUCT_NAME = "$(TARGET_NAME)";
				SWIFT_VERSION = 4.0;
				TARGETED_DEVICE_FAMILY = "1,2";
			};
			name = Release;
		};
		9B494C4E220D05880081BB4D /* Debug */ = {
			isa = XCBuildConfiguration;
			buildSettings = {
				ALWAYS_EMBED_SWIFT_STANDARD_LIBRARIES = YES;
				BUNDLE_LOADER = "$(TEST_HOST)";
				CODE_SIGN_STYLE = Automatic;
				INFOPLIST_FILE = testTests/Info.plist;
				LD_RUNPATH_SEARCH_PATHS = (
					"$(inherited)",
					"@executable_path/Frameworks",
					"@loader_path/Frameworks",
				);
				PRODUCT_BUNDLE_IDENTIFIER = CestarCollege.testTests;
				PRODUCT_NAME = "$(TARGET_NAME)";
				SWIFT_VERSION = 4.0;
				TARGETED_DEVICE_FAMILY = "1,2";
				TEST_HOST = "$(BUILT_PRODUCTS_DIR)/test.app/test";
			};
			name = Debug;
		};
		9B494C4F220D05880081BB4D /* Release */ = {
			isa = XCBuildConfiguration;
			buildSettings = {
				ALWAYS_EMBED_SWIFT_STANDARD_LIBRARIES = YES;
				BUNDLE_LOADER = "$(TEST_HOST)";
				CODE_SIGN_STYLE = Automatic;
				INFOPLIST_FILE = testTests/Info.plist;
				LD_RUNPATH_SEARCH_PATHS = (
					"$(inherited)",
					"@executable_path/Frameworks",
					"@loader_path/Frameworks",
				);
				PRODUCT_BUNDLE_IDENTIFIER = CestarCollege.testTests;
				PRODUCT_NAME = "$(TARGET_NAME)";
				SWIFT_VERSION = 4.0;
				TARGETED_DEVICE_FAMILY = "1,2";
				TEST_HOST = "$(BUILT_PRODUCTS_DIR)/test.app/test";
			};
			name = Release;
		};
		9B494C51220D05880081BB4D /* Debug */ = {
			isa = XCBuildConfiguration;
			buildSettings = {
				ALWAYS_EMBED_SWIFT_STANDARD_LIBRARIES = YES;
				CODE_SIGN_STYLE = Automatic;
				INFOPLIST_FILE = testUITests/Info.plist;
				LD_RUNPATH_SEARCH_PATHS = (
					"$(inherited)",
					"@executable_path/Frameworks",
					"@loader_path/Frameworks",
				);
				PRODUCT_BUNDLE_IDENTIFIER = CestarCollege.testUITests;
				PRODUCT_NAME = "$(TARGET_NAME)";
				SWIFT_VERSION = 4.0;
				TARGETED_DEVICE_FAMILY = "1,2";
				TEST_TARGET_NAME = test;
			};
			name = Debug;
		};
		9B494C52220D05880081BB4D /* Release */ = {
			isa = XCBuildConfiguration;
			buildSettings = {
				ALWAYS_EMBED_SWIFT_STANDARD_LIBRARIES = YES;
				CODE_SIGN_STYLE = Automatic;
				INFOPLIST_FILE = testUITests/Info.plist;
				LD_RUNPATH_SEARCH_PATHS = (
					"$(inherited)",
					"@executable_path/Frameworks",
					"@loader_path/Frameworks",
				);
				PRODUCT_BUNDLE_IDENTIFIER = CestarCollege.testUITests;
				PRODUCT_NAME = "$(TARGET_NAME)";
				SWIFT_VERSION = 4.0;
				TARGETED_DEVICE_FAMILY = "1,2";
				TEST_TARGET_NAME = test;
			};
			name = Release;
		};
/* End XCBuildConfiguration section */

/* Begin XCConfigurationList section */
		9B494C1D220D05860081BB4D /* Build configuration list for PBXProject "test" */ = {
			isa = XCConfigurationList;
			buildConfigurations = (
				9B494C48220D05880081BB4D /* Debug */,
				9B494C49220D05880081BB4D /* Release */,
			);
			defaultConfigurationIsVisible = 0;
			defaultConfigurationName = Release;
		};
		9B494C4A220D05880081BB4D /* Build configuration list for PBXNativeTarget "test" */ = {
			isa = XCConfigurationList;
			buildConfigurations = (
				9B494C4B220D05880081BB4D /* Debug */,
				9B494C4C220D05880081BB4D /* Release */,
			);
			defaultConfigurationIsVisible = 0;
			defaultConfigurationName = Release;
		};
		9B494C4D220D05880081BB4D /* Build configuration list for PBXNativeTarget "testTests" */ = {
			isa = XCConfigurationList;
			buildConfigurations = (
				9B494C4E220D05880081BB4D /* Debug */,
				9B494C4F220D05880081BB4D /* Release */,
			);
			defaultConfigurationIsVisible = 0;
			defaultConfigurationName = Release;
		};
		9B494C50220D05880081BB4D /* Build configuration list for PBXNativeTarget "testUITests" */ = {
			isa = XCConfigurationList;
			buildConfigurations = (
				9B494C51220D05880081BB4D /* Debug */,
				9B494C52220D05880081BB4D /* Release */,
			);
			defaultConfigurationIsVisible = 0;
			defaultConfigurationName = Release;
		};
/* End XCConfigurationList section */
	};
	rootObject = 9B494C1A220D05860081BB4D /* Project object */;
}
